// !$*UTF8*$!
{
	archiveVersion = 1;
	classes = {
	};
	objectVersion = 56;
	objects = {

/* Begin PBXBuildFile section */
		298B2C1929C3428900B02B99 /* Coordinate.swift in Sources */ = {isa = PBXBuildFile; fileRef = 298B2C1829C3428900B02B99 /* Coordinate.swift */; };
		298B2C1C29C342D800B02B99 /* CurrentWeather.swift in Sources */ = {isa = PBXBuildFile; fileRef = 298B2C1B29C342D800B02B99 /* CurrentWeather.swift */; };
		298B2C1E29C342FC00B02B99 /* CurrentWeatherMainValue.swift in Sources */ = {isa = PBXBuildFile; fileRef = 298B2C1D29C342FC00B02B99 /* CurrentWeatherMainValue.swift */; };
		298B2C2029C3431800B02B99 /* CurrentWeatherSys.swift in Sources */ = {isa = PBXBuildFile; fileRef = 298B2C1F29C3431800B02B99 /* CurrentWeatherSys.swift */; };
		298B2C2229C3433300B02B99 /* ForecastWeather.swift in Sources */ = {isa = PBXBuildFile; fileRef = 298B2C2129C3433300B02B99 /* ForecastWeather.swift */; };
		298B2C2429C3435900B02B99 /* ForecastWeatherCity.swift in Sources */ = {isa = PBXBuildFile; fileRef = 298B2C2329C3435900B02B99 /* ForecastWeatherCity.swift */; };
		298B2C2629C3437400B02B99 /* ForecastWeatherMainValue.swift in Sources */ = {isa = PBXBuildFile; fileRef = 298B2C2529C3437400B02B99 /* ForecastWeatherMainValue.swift */; };
		298B2C2829C3439800B02B99 /* ForecastWeatherResponse.swift in Sources */ = {isa = PBXBuildFile; fileRef = 298B2C2729C3439800B02B99 /* ForecastWeatherResponse.swift */; };
		298B2C2A29C343B600B02B99 /* WeatherClouds.swift in Sources */ = {isa = PBXBuildFile; fileRef = 298B2C2929C343B600B02B99 /* WeatherClouds.swift */; };
		298B2C2C29C343DB00B02B99 /* WeatherElement.swift in Sources */ = {isa = PBXBuildFile; fileRef = 298B2C2B29C343DB00B02B99 /* WeatherElement.swift */; };
		298B2C2E29C343F300B02B99 /* WeatherWind.swift in Sources */ = {isa = PBXBuildFile; fileRef = 298B2C2D29C343F300B02B99 /* WeatherWind.swift */; };
		298B2C3029C3440F00B02B99 /* StateView.swift in Sources */ = {isa = PBXBuildFile; fileRef = 298B2C2F29C3440F00B02B99 /* StateView.swift */; };
		298B2C3229C3449500B02B99 /* OpenweatherAPIClient.swift in Sources */ = {isa = PBXBuildFile; fileRef = 298B2C3129C3449500B02B99 /* OpenweatherAPIClient.swift */; };
		298B2C3529C344C300B02B99 /* ResponseError.swift in Sources */ = {isa = PBXBuildFile; fileRef = 298B2C3429C344C300B02B99 /* ResponseError.swift */; };
		298B2C3A29C3459600B02B99 /* ActivityIndicatorView.swift in Sources */ = {isa = PBXBuildFile; fileRef = 298B2C3929C3459600B02B99 /* ActivityIndicatorView.swift */; };
		298B2C3D29C345F000B02B99 /* BackgroundView.swift in Sources */ = {isa = PBXBuildFile; fileRef = 298B2C3C29C345F000B02B99 /* BackgroundView.swift */; };
		298B2C3F29C3469500B02B99 /* DailyWeatherCellView.swift in Sources */ = {isa = PBXBuildFile; fileRef = 298B2C3E29C3469500B02B99 /* DailyWeatherCellView.swift */; };
		298B2C4129C346BE00B02B99 /* DailyWeatherView.swift in Sources */ = {isa = PBXBuildFile; fileRef = 298B2C4029C346BE00B02B99 /* DailyWeatherView.swift */; };
		298B2C4329C3472A00B02B99 /* DetailsCurrentWeatherCellView.swift in Sources */ = {isa = PBXBuildFile; fileRef = 298B2C4229C3472A00B02B99 /* DetailsCurrentWeatherCellView.swift */; };
		298B2C4529C3474E00B02B99 /* DetailsCurrentWeatherView.swift in Sources */ = {isa = PBXBuildFile; fileRef = 298B2C4429C3474E00B02B99 /* DetailsCurrentWeatherView.swift */; };
		298B2C4729C3476E00B02B99 /* HourlyWeatherCellView.swift in Sources */ = {isa = PBXBuildFile; fileRef = 298B2C4629C3476E00B02B99 /* HourlyWeatherCellView.swift */; };
		298B2C4929C3478C00B02B99 /* HourlyWeatherView.swift in Sources */ = {isa = PBXBuildFile; fileRef = 298B2C4829C3478C00B02B99 /* HourlyWeatherView.swift */; };
		298B2C4B29C347AF00B02B99 /* LocationAndTemperatureHeaderView.swift in Sources */ = {isa = PBXBuildFile; fileRef = 298B2C4A29C347AF00B02B99 /* LocationAndTemperatureHeaderView.swift */; };
		298B2C4D29C3480000B02B99 /* WeatherViewModel.swift in Sources */ = {isa = PBXBuildFile; fileRef = 298B2C4C29C3480000B02B99 /* WeatherViewModel.swift */; };
		298B2C5029C3485000B02B99 /* extension.swift in Sources */ = {isa = PBXBuildFile; fileRef = 298B2C4F29C3485000B02B99 /* extension.swift */; };
		298B2C5429C50A7900B02B99 /* CurrentLocation.swift in Sources */ = {isa = PBXBuildFile; fileRef = 298B2C5329C50A7900B02B99 /* CurrentLocation.swift */; };
		29B8920529C29F9A006AF6A5 /* WeatherTaskApp.swift in Sources */ = {isa = PBXBuildFile; fileRef = 29B8920429C29F9A006AF6A5 /* WeatherTaskApp.swift */; };
		29B8920729C29F9A006AF6A5 /* MainView.swift in Sources */ = {isa = PBXBuildFile; fileRef = 29B8920629C29F9A006AF6A5 /* MainView.swift */; };
		29B8920929C29F9B006AF6A5 /* Assets.xcassets in Resources */ = {isa = PBXBuildFile; fileRef = 29B8920829C29F9B006AF6A5 /* Assets.xcassets */; };
		29B8920C29C29F9B006AF6A5 /* Preview Assets.xcassets in Resources */ = {isa = PBXBuildFile; fileRef = 29B8920B29C29F9B006AF6A5 /* Preview Assets.xcassets */; };
		29B8921629C29F9C006AF6A5 /* WeatherTaskTests.swift in Sources */ = {isa = PBXBuildFile; fileRef = 29B8921529C29F9C006AF6A5 /* WeatherTaskTests.swift */; };
		29B8922029C29F9C006AF6A5 /* WeatherTaskUITests.swift in Sources */ = {isa = PBXBuildFile; fileRef = 29B8921F29C29F9C006AF6A5 /* WeatherTaskUITests.swift */; };
		29B8922229C29F9C006AF6A5 /* WeatherTaskUITestsLaunchTests.swift in Sources */ = {isa = PBXBuildFile; fileRef = 29B8922129C29F9C006AF6A5 /* WeatherTaskUITestsLaunchTests.swift */; };
/* End PBXBuildFile section */

/* Begin PBXContainerItemProxy section */
		29B8921229C29F9C006AF6A5 /* PBXContainerItemProxy */ = {
			isa = PBXContainerItemProxy;
			containerPortal = 29B891F929C29F99006AF6A5 /* Project object */;
			proxyType = 1;
			remoteGlobalIDString = 29B8920029C29F9A006AF6A5;
			remoteInfo = WeatherTask;
		};
		29B8921C29C29F9C006AF6A5 /* PBXContainerItemProxy */ = {
			isa = PBXContainerItemProxy;
			containerPortal = 29B891F929C29F99006AF6A5 /* Project object */;
			proxyType = 1;
			remoteGlobalIDString = 29B8920029C29F9A006AF6A5;
			remoteInfo = WeatherTask;
		};
/* End PBXContainerItemProxy section */

/* Begin PBXFileReference section */
		298B2C1829C3428900B02B99 /* Coordinate.swift */ = {isa = PBXFileReference; lastKnownFileType = sourcecode.swift; path = Coordinate.swift; sourceTree = "<group>"; };
		298B2C1B29C342D800B02B99 /* CurrentWeather.swift */ = {isa = PBXFileReference; lastKnownFileType = sourcecode.swift; path = CurrentWeather.swift; sourceTree = "<group>"; };
		298B2C1D29C342FC00B02B99 /* CurrentWeatherMainValue.swift */ = {isa = PBXFileReference; lastKnownFileType = sourcecode.swift; path = CurrentWeatherMainValue.swift; sourceTree = "<group>"; };
		298B2C1F29C3431800B02B99 /* CurrentWeatherSys.swift */ = {isa = PBXFileReference; lastKnownFileType = sourcecode.swift; path = CurrentWeatherSys.swift; sourceTree = "<group>"; };
		298B2C2129C3433300B02B99 /* ForecastWeather.swift */ = {isa = PBXFileReference; lastKnownFileType = sourcecode.swift; path = ForecastWeather.swift; sourceTree = "<group>"; };
		298B2C2329C3435900B02B99 /* ForecastWeatherCity.swift */ = {isa = PBXFileReference; lastKnownFileType = sourcecode.swift; path = ForecastWeatherCity.swift; sourceTree = "<group>"; };
		298B2C2529C3437400B02B99 /* ForecastWeatherMainValue.swift */ = {isa = PBXFileReference; lastKnownFileType = sourcecode.swift; path = ForecastWeatherMainValue.swift; sourceTree = "<group>"; };
		298B2C2729C3439800B02B99 /* ForecastWeatherResponse.swift */ = {isa = PBXFileReference; lastKnownFileType = sourcecode.swift; path = ForecastWeatherResponse.swift; sourceTree = "<group>"; };
		298B2C2929C343B600B02B99 /* WeatherClouds.swift */ = {isa = PBXFileReference; lastKnownFileType = sourcecode.swift; path = WeatherClouds.swift; sourceTree = "<group>"; };
		298B2C2B29C343DB00B02B99 /* WeatherElement.swift */ = {isa = PBXFileReference; lastKnownFileType = sourcecode.swift; path = WeatherElement.swift; sourceTree = "<group>"; };
		298B2C2D29C343F300B02B99 /* WeatherWind.swift */ = {isa = PBXFileReference; lastKnownFileType = sourcecode.swift; path = WeatherWind.swift; sourceTree = "<group>"; };
		298B2C2F29C3440F00B02B99 /* StateView.swift */ = {isa = PBXFileReference; lastKnownFileType = sourcecode.swift; path = StateView.swift; sourceTree = "<group>"; };
		298B2C3129C3449500B02B99 /* OpenweatherAPIClient.swift */ = {isa = PBXFileReference; lastKnownFileType = sourcecode.swift; path = OpenweatherAPIClient.swift; sourceTree = "<group>"; };
		298B2C3429C344C300B02B99 /* ResponseError.swift */ = {isa = PBXFileReference; lastKnownFileType = sourcecode.swift; path = ResponseError.swift; sourceTree = "<group>"; };
		298B2C3929C3459600B02B99 /* ActivityIndicatorView.swift */ = {isa = PBXFileReference; lastKnownFileType = sourcecode.swift; path = ActivityIndicatorView.swift; sourceTree = "<group>"; };
		298B2C3C29C345F000B02B99 /* BackgroundView.swift */ = {isa = PBXFileReference; lastKnownFileType = sourcecode.swift; path = BackgroundView.swift; sourceTree = "<group>"; };
		298B2C3E29C3469500B02B99 /* DailyWeatherCellView.swift */ = {isa = PBXFileReference; lastKnownFileType = sourcecode.swift; path = DailyWeatherCellView.swift; sourceTree = "<group>"; };
		298B2C4029C346BE00B02B99 /* DailyWeatherView.swift */ = {isa = PBXFileReference; lastKnownFileType = sourcecode.swift; path = DailyWeatherView.swift; sourceTree = "<group>"; };
		298B2C4229C3472A00B02B99 /* DetailsCurrentWeatherCellView.swift */ = {isa = PBXFileReference; lastKnownFileType = sourcecode.swift; path = DetailsCurrentWeatherCellView.swift; sourceTree = "<group>"; };
		298B2C4429C3474E00B02B99 /* DetailsCurrentWeatherView.swift */ = {isa = PBXFileReference; lastKnownFileType = sourcecode.swift; path = DetailsCurrentWeatherView.swift; sourceTree = "<group>"; };
		298B2C4629C3476E00B02B99 /* HourlyWeatherCellView.swift */ = {isa = PBXFileReference; lastKnownFileType = sourcecode.swift; path = HourlyWeatherCellView.swift; sourceTree = "<group>"; };
		298B2C4829C3478C00B02B99 /* HourlyWeatherView.swift */ = {isa = PBXFileReference; lastKnownFileType = sourcecode.swift; path = HourlyWeatherView.swift; sourceTree = "<group>"; };
		298B2C4A29C347AF00B02B99 /* LocationAndTemperatureHeaderView.swift */ = {isa = PBXFileReference; lastKnownFileType = sourcecode.swift; path = LocationAndTemperatureHeaderView.swift; sourceTree = "<group>"; };
		298B2C4C29C3480000B02B99 /* WeatherViewModel.swift */ = {isa = PBXFileReference; lastKnownFileType = sourcecode.swift; path = WeatherViewModel.swift; sourceTree = "<group>"; };
		298B2C4F29C3485000B02B99 /* extension.swift */ = {isa = PBXFileReference; lastKnownFileType = sourcecode.swift; path = extension.swift; sourceTree = "<group>"; };
		298B2C5229C4DBEB00B02B99 /* Info.plist */ = {isa = PBXFileReference; lastKnownFileType = text.plist; path = Info.plist; sourceTree = "<group>"; };
		298B2C5329C50A7900B02B99 /* CurrentLocation.swift */ = {isa = PBXFileReference; lastKnownFileType = sourcecode.swift; path = CurrentLocation.swift; sourceTree = "<group>"; };
		29B8920129C29F9A006AF6A5 /* WeatherTask.app */ = {isa = PBXFileReference; explicitFileType = wrapper.application; includeInIndex = 0; path = WeatherTask.app; sourceTree = BUILT_PRODUCTS_DIR; };
		29B8920429C29F9A006AF6A5 /* WeatherTaskApp.swift */ = {isa = PBXFileReference; lastKnownFileType = sourcecode.swift; path = WeatherTaskApp.swift; sourceTree = "<group>"; };
		29B8920629C29F9A006AF6A5 /* MainView.swift */ = {isa = PBXFileReference; lastKnownFileType = sourcecode.swift; path = MainView.swift; sourceTree = "<group>"; };
		29B8920829C29F9B006AF6A5 /* Assets.xcassets */ = {isa = PBXFileReference; lastKnownFileType = folder.assetcatalog; path = Assets.xcassets; sourceTree = "<group>"; };
		29B8920B29C29F9B006AF6A5 /* Preview Assets.xcassets */ = {isa = PBXFileReference; lastKnownFileType = folder.assetcatalog; path = "Preview Assets.xcassets"; sourceTree = "<group>"; };
		29B8921129C29F9C006AF6A5 /* WeatherTaskTests.xctest */ = {isa = PBXFileReference; explicitFileType = wrapper.cfbundle; includeInIndex = 0; path = WeatherTaskTests.xctest; sourceTree = BUILT_PRODUCTS_DIR; };
		29B8921529C29F9C006AF6A5 /* WeatherTaskTests.swift */ = {isa = PBXFileReference; lastKnownFileType = sourcecode.swift; path = WeatherTaskTests.swift; sourceTree = "<group>"; };
		29B8921B29C29F9C006AF6A5 /* WeatherTaskUITests.xctest */ = {isa = PBXFileReference; explicitFileType = wrapper.cfbundle; includeInIndex = 0; path = WeatherTaskUITests.xctest; sourceTree = BUILT_PRODUCTS_DIR; };
		29B8921F29C29F9C006AF6A5 /* WeatherTaskUITests.swift */ = {isa = PBXFileReference; lastKnownFileType = sourcecode.swift; path = WeatherTaskUITests.swift; sourceTree = "<group>"; };
		29B8922129C29F9C006AF6A5 /* WeatherTaskUITestsLaunchTests.swift */ = {isa = PBXFileReference; lastKnownFileType = sourcecode.swift; path = WeatherTaskUITestsLaunchTests.swift; sourceTree = "<group>"; };
/* End PBXFileReference section */

/* Begin PBXFrameworksBuildPhase section */
		29B891FE29C29F9A006AF6A5 /* Frameworks */ = {
			isa = PBXFrameworksBuildPhase;
			buildActionMask = 2147483647;
			files = (
			);
			runOnlyForDeploymentPostprocessing = 0;
		};
		29B8920E29C29F9C006AF6A5 /* Frameworks */ = {
			isa = PBXFrameworksBuildPhase;
			buildActionMask = 2147483647;
			files = (
			);
			runOnlyForDeploymentPostprocessing = 0;
		};
		29B8921829C29F9C006AF6A5 /* Frameworks */ = {
			isa = PBXFrameworksBuildPhase;
			buildActionMask = 2147483647;
			files = (
			);
			runOnlyForDeploymentPostprocessing = 0;
		};
/* End PBXFrameworksBuildPhase section */

/* Begin PBXGroup section */
		298B2C1A29C3429800B02B99 /* Model */ = {
			isa = PBXGroup;
			children = (
				298B2C1829C3428900B02B99 /* Coordinate.swift */,
				298B2C1B29C342D800B02B99 /* CurrentWeather.swift */,
				298B2C1D29C342FC00B02B99 /* CurrentWeatherMainValue.swift */,
				298B2C1F29C3431800B02B99 /* CurrentWeatherSys.swift */,
				298B2C2129C3433300B02B99 /* ForecastWeather.swift */,
				298B2C2329C3435900B02B99 /* ForecastWeatherCity.swift */,
				298B2C2529C3437400B02B99 /* ForecastWeatherMainValue.swift */,
				298B2C2729C3439800B02B99 /* ForecastWeatherResponse.swift */,
				298B2C2929C343B600B02B99 /* WeatherClouds.swift */,
				298B2C2B29C343DB00B02B99 /* WeatherElement.swift */,
				298B2C2D29C343F300B02B99 /* WeatherWind.swift */,
				298B2C2F29C3440F00B02B99 /* StateView.swift */,
			);
			path = Model;
			sourceTree = "<group>";
		};
		298B2C3329C3449E00B02B99 /* Network */ = {
			isa = PBXGroup;
			children = (
				298B2C3129C3449500B02B99 /* OpenweatherAPIClient.swift */,
				298B2C3429C344C300B02B99 /* ResponseError.swift */,
				298B2C5329C50A7900B02B99 /* CurrentLocation.swift */,
			);
			path = Network;
			sourceTree = "<group>";
		};
		298B2C3829C3456400B02B99 /* Screen */ = {
			isa = PBXGroup;
			children = (
				29B8920629C29F9A006AF6A5 /* MainView.swift */,
			);
			path = Screen;
			sourceTree = "<group>";
		};
		298B2C3B29C345C300B02B99 /* View */ = {
			isa = PBXGroup;
			children = (
				298B2C3929C3459600B02B99 /* ActivityIndicatorView.swift */,
				298B2C3C29C345F000B02B99 /* BackgroundView.swift */,
				298B2C3E29C3469500B02B99 /* DailyWeatherCellView.swift */,
				298B2C4029C346BE00B02B99 /* DailyWeatherView.swift */,
				298B2C4229C3472A00B02B99 /* DetailsCurrentWeatherCellView.swift */,
				298B2C4429C3474E00B02B99 /* DetailsCurrentWeatherView.swift */,
				298B2C4629C3476E00B02B99 /* HourlyWeatherCellView.swift */,
				298B2C4829C3478C00B02B99 /* HourlyWeatherView.swift */,
				298B2C4A29C347AF00B02B99 /* LocationAndTemperatureHeaderView.swift */,
			);
			path = View;
			sourceTree = "<group>";
		};
		298B2C4E29C3480F00B02B99 /* ViewModel */ = {
			isa = PBXGroup;
			children = (
				298B2C4C29C3480000B02B99 /* WeatherViewModel.swift */,
			);
			path = ViewModel;
			sourceTree = "<group>";
		};
		298B2C5129C3486500B02B99 /* Utilities */ = {
			isa = PBXGroup;
			children = (
				298B2C4F29C3485000B02B99 /* extension.swift */,
			);
			path = Utilities;
			sourceTree = "<group>";
		};
		29B891F829C29F99006AF6A5 = {
			isa = PBXGroup;
			children = (
				29B8920329C29F9A006AF6A5 /* WeatherTask */,
				29B8921429C29F9C006AF6A5 /* WeatherTaskTests */,
				29B8921E29C29F9C006AF6A5 /* WeatherTaskUITests */,
				29B8920229C29F9A006AF6A5 /* Products */,
			);
			sourceTree = "<group>";
		};
		29B8920229C29F9A006AF6A5 /* Products */ = {
			isa = PBXGroup;
			children = (
				29B8920129C29F9A006AF6A5 /* WeatherTask.app */,
				29B8921129C29F9C006AF6A5 /* WeatherTaskTests.xctest */,
				29B8921B29C29F9C006AF6A5 /* WeatherTaskUITests.xctest */,
			);
			name = Products;
			sourceTree = "<group>";
		};
		29B8920329C29F9A006AF6A5 /* WeatherTask */ = {
			isa = PBXGroup;
			children = (
				298B2C5229C4DBEB00B02B99 /* Info.plist */,
				29B8920429C29F9A006AF6A5 /* WeatherTaskApp.swift */,
				29B8920829C29F9B006AF6A5 /* Assets.xcassets */,
				29B8920A29C29F9B006AF6A5 /* Preview Content */,
				298B2C1A29C3429800B02B99 /* Model */,
				298B2C3329C3449E00B02B99 /* Network */,
				298B2C3829C3456400B02B99 /* Screen */,
				298B2C3B29C345C300B02B99 /* View */,
				298B2C4E29C3480F00B02B99 /* ViewModel */,
				298B2C5129C3486500B02B99 /* Utilities */,
			);
			path = WeatherTask;
			sourceTree = "<group>";
		};
		29B8920A29C29F9B006AF6A5 /* Preview Content */ = {
			isa = PBXGroup;
			children = (
				29B8920B29C29F9B006AF6A5 /* Preview Assets.xcassets */,
			);
			path = "Preview Content";
			sourceTree = "<group>";
		};
		29B8921429C29F9C006AF6A5 /* WeatherTaskTests */ = {
			isa = PBXGroup;
			children = (
				29B8921529C29F9C006AF6A5 /* WeatherTaskTests.swift */,
			);
			path = WeatherTaskTests;
			sourceTree = "<group>";
		};
		29B8921E29C29F9C006AF6A5 /* WeatherTaskUITests */ = {
			isa = PBXGroup;
			children = (
				29B8921F29C29F9C006AF6A5 /* WeatherTaskUITests.swift */,
				29B8922129C29F9C006AF6A5 /* WeatherTaskUITestsLaunchTests.swift */,
			);
			path = WeatherTaskUITests;
			sourceTree = "<group>";
		};
/* End PBXGroup section */

/* Begin PBXNativeTarget section */
		29B8920029C29F9A006AF6A5 /* WeatherTask */ = {
			isa = PBXNativeTarget;
			buildConfigurationList = 29B8922529C29F9C006AF6A5 /* Build configuration list for PBXNativeTarget "WeatherTask" */;
			buildPhases = (
				29B891FD29C29F9A006AF6A5 /* Sources */,
				29B891FE29C29F9A006AF6A5 /* Frameworks */,
				29B891FF29C29F9A006AF6A5 /* Resources */,
			);
			buildRules = (
			);
			dependencies = (
			);
			name = WeatherTask;
			productName = WeatherTask;
			productReference = 29B8920129C29F9A006AF6A5 /* WeatherTask.app */;
			productType = "com.apple.product-type.application";
		};
		29B8921029C29F9C006AF6A5 /* WeatherTaskTests */ = {
			isa = PBXNativeTarget;
			buildConfigurationList = 29B8922829C29F9C006AF6A5 /* Build configuration list for PBXNativeTarget "WeatherTaskTests" */;
			buildPhases = (
				29B8920D29C29F9C006AF6A5 /* Sources */,
				29B8920E29C29F9C006AF6A5 /* Frameworks */,
				29B8920F29C29F9C006AF6A5 /* Resources */,
			);
			buildRules = (
			);
			dependencies = (
				29B8921329C29F9C006AF6A5 /* PBXTargetDependency */,
			);
			name = WeatherTaskTests;
			productName = WeatherTaskTests;
			productReference = 29B8921129C29F9C006AF6A5 /* WeatherTaskTests.xctest */;
			productType = "com.apple.product-type.bundle.unit-test";
		};
		29B8921A29C29F9C006AF6A5 /* WeatherTaskUITests */ = {
			isa = PBXNativeTarget;
			buildConfigurationList = 29B8922B29C29F9C006AF6A5 /* Build configuration list for PBXNativeTarget "WeatherTaskUITests" */;
			buildPhases = (
				29B8921729C29F9C006AF6A5 /* Sources */,
				29B8921829C29F9C006AF6A5 /* Frameworks */,
				29B8921929C29F9C006AF6A5 /* Resources */,
			);
			buildRules = (
			);
			dependencies = (
				29B8921D29C29F9C006AF6A5 /* PBXTargetDependency */,
			);
			name = WeatherTaskUITests;
			productName = WeatherTaskUITests;
			productReference = 29B8921B29C29F9C006AF6A5 /* WeatherTaskUITests.xctest */;
			productType = "com.apple.product-type.bundle.ui-testing";
		};
/* End PBXNativeTarget section */

/* Begin PBXProject section */
		29B891F929C29F99006AF6A5 /* Project object */ = {
			isa = PBXProject;
			attributes = {
				BuildIndependentTargetsInParallel = 1;
				LastSwiftUpdateCheck = 1420;
				LastUpgradeCheck = 1420;
				TargetAttributes = {
					29B8920029C29F9A006AF6A5 = {
						CreatedOnToolsVersion = 14.2;
					};
					29B8921029C29F9C006AF6A5 = {
						CreatedOnToolsVersion = 14.2;
						TestTargetID = 29B8920029C29F9A006AF6A5;
					};
					29B8921A29C29F9C006AF6A5 = {
						CreatedOnToolsVersion = 14.2;
						TestTargetID = 29B8920029C29F9A006AF6A5;
					};
				};
			};
			buildConfigurationList = 29B891FC29C29F99006AF6A5 /* Build configuration list for PBXProject "WeatherTask" */;
			compatibilityVersion = "Xcode 14.0";
			developmentRegion = en;
			hasScannedForEncodings = 0;
			knownRegions = (
				en,
				Base,
			);
			mainGroup = 29B891F829C29F99006AF6A5;
			productRefGroup = 29B8920229C29F9A006AF6A5 /* Products */;
			projectDirPath = "";
			projectRoot = "";
			targets = (
				29B8920029C29F9A006AF6A5 /* WeatherTask */,
				29B8921029C29F9C006AF6A5 /* WeatherTaskTests */,
				29B8921A29C29F9C006AF6A5 /* WeatherTaskUITests */,
			);
		};
/* End PBXProject section */

/* Begin PBXResourcesBuildPhase section */
		29B891FF29C29F9A006AF6A5 /* Resources */ = {
			isa = PBXResourcesBuildPhase;
			buildActionMask = 2147483647;
			files = (
				29B8920C29C29F9B006AF6A5 /* Preview Assets.xcassets in Resources */,
				29B8920929C29F9B006AF6A5 /* Assets.xcassets in Resources */,
			);
			runOnlyForDeploymentPostprocessing = 0;
		};
		29B8920F29C29F9C006AF6A5 /* Resources */ = {
			isa = PBXResourcesBuildPhase;
			buildActionMask = 2147483647;
			files = (
			);
			runOnlyForDeploymentPostprocessing = 0;
		};
		29B8921929C29F9C006AF6A5 /* Resources */ = {
			isa = PBXResourcesBuildPhase;
			buildActionMask = 2147483647;
			files = (
			);
			runOnlyForDeploymentPostprocessing = 0;
		};
/* End PBXResourcesBuildPhase section */

/* Begin PBXSourcesBuildPhase section */
		29B891FD29C29F9A006AF6A5 /* Sources */ = {
			isa = PBXSourcesBuildPhase;
			buildActionMask = 2147483647;
			files = (
				298B2C2029C3431800B02B99 /* CurrentWeatherSys.swift in Sources */,
				298B2C4529C3474E00B02B99 /* DetailsCurrentWeatherView.swift in Sources */,
				298B2C4129C346BE00B02B99 /* DailyWeatherView.swift in Sources */,
				29B8920729C29F9A006AF6A5 /* MainView.swift in Sources */,
				298B2C2229C3433300B02B99 /* ForecastWeather.swift in Sources */,
				29B8920529C29F9A006AF6A5 /* WeatherTaskApp.swift in Sources */,
				298B2C2629C3437400B02B99 /* ForecastWeatherMainValue.swift in Sources */,
				298B2C4929C3478C00B02B99 /* HourlyWeatherView.swift in Sources */,
				298B2C2C29C343DB00B02B99 /* WeatherElement.swift in Sources */,
				298B2C4D29C3480000B02B99 /* WeatherViewModel.swift in Sources */,
				298B2C3229C3449500B02B99 /* OpenweatherAPIClient.swift in Sources */,
				298B2C3529C344C300B02B99 /* ResponseError.swift in Sources */,
				298B2C2429C3435900B02B99 /* ForecastWeatherCity.swift in Sources */,
				298B2C1C29C342D800B02B99 /* CurrentWeather.swift in Sources */,
				298B2C5029C3485000B02B99 /* extension.swift in Sources */,
				298B2C3029C3440F00B02B99 /* StateView.swift in Sources */,
				298B2C1E29C342FC00B02B99 /* CurrentWeatherMainValue.swift in Sources */,
				298B2C2829C3439800B02B99 /* ForecastWeatherResponse.swift in Sources */,
				298B2C4B29C347AF00B02B99 /* LocationAndTemperatureHeaderView.swift in Sources */,
				298B2C2A29C343B600B02B99 /* WeatherClouds.swift in Sources */,
				298B2C3A29C3459600B02B99 /* ActivityIndicatorView.swift in Sources */,
				298B2C1929C3428900B02B99 /* Coordinate.swift in Sources */,
				298B2C3D29C345F000B02B99 /* BackgroundView.swift in Sources */,
				298B2C4729C3476E00B02B99 /* HourlyWeatherCellView.swift in Sources */,
				298B2C5429C50A7900B02B99 /* CurrentLocation.swift in Sources */,
				298B2C2E29C343F300B02B99 /* WeatherWind.swift in Sources */,
				298B2C4329C3472A00B02B99 /* DetailsCurrentWeatherCellView.swift in Sources */,
				298B2C3F29C3469500B02B99 /* DailyWeatherCellView.swift in Sources */,
			);
			runOnlyForDeploymentPostprocessing = 0;
		};
		29B8920D29C29F9C006AF6A5 /* Sources */ = {
			isa = PBXSourcesBuildPhase;
			buildActionMask = 2147483647;
			files = (
				29B8921629C29F9C006AF6A5 /* WeatherTaskTests.swift in Sources */,
			);
			runOnlyForDeploymentPostprocessing = 0;
		};
		29B8921729C29F9C006AF6A5 /* Sources */ = {
			isa = PBXSourcesBuildPhase;
			buildActionMask = 2147483647;
			files = (
				29B8922229C29F9C006AF6A5 /* WeatherTaskUITestsLaunchTests.swift in Sources */,
				29B8922029C29F9C006AF6A5 /* WeatherTaskUITests.swift in Sources */,
			);
			runOnlyForDeploymentPostprocessing = 0;
		};
/* End PBXSourcesBuildPhase section */

/* Begin PBXTargetDependency section */
		29B8921329C29F9C006AF6A5 /* PBXTargetDependency */ = {
			isa = PBXTargetDependency;
			target = 29B8920029C29F9A006AF6A5 /* WeatherTask */;
			targetProxy = 29B8921229C29F9C006AF6A5 /* PBXContainerItemProxy */;
		};
		29B8921D29C29F9C006AF6A5 /* PBXTargetDependency */ = {
			isa = PBXTargetDependency;
			target = 29B8920029C29F9A006AF6A5 /* WeatherTask */;
			targetProxy = 29B8921C29C29F9C006AF6A5 /* PBXContainerItemProxy */;
		};
/* End PBXTargetDependency section */

/* Begin XCBuildConfiguration section */
		29B8922329C29F9C006AF6A5 /* Debug */ = {
			isa = XCBuildConfiguration;
			buildSettings = {
				ALWAYS_SEARCH_USER_PATHS = NO;
				CLANG_ANALYZER_NONNULL = YES;
				CLANG_ANALYZER_NUMBER_OBJECT_CONVERSION = YES_AGGRESSIVE;
				CLANG_CXX_LANGUAGE_STANDARD = "gnu++20";
				CLANG_ENABLE_MODULES = YES;
				CLANG_ENABLE_OBJC_ARC = YES;
				CLANG_ENABLE_OBJC_WEAK = YES;
				CLANG_WARN_BLOCK_CAPTURE_AUTORELEASING = YES;
				CLANG_WARN_BOOL_CONVERSION = YES;
				CLANG_WARN_COMMA = YES;
				CLANG_WARN_CONSTANT_CONVERSION = YES;
				CLANG_WARN_DEPRECATED_OBJC_IMPLEMENTATIONS = YES;
				CLANG_WARN_DIRECT_OBJC_ISA_USAGE = YES_ERROR;
				CLANG_WARN_DOCUMENTATION_COMMENTS = YES;
				CLANG_WARN_EMPTY_BODY = YES;
				CLANG_WARN_ENUM_CONVERSION = YES;
				CLANG_WARN_INFINITE_RECURSION = YES;
				CLANG_WARN_INT_CONVERSION = YES;
				CLANG_WARN_NON_LITERAL_NULL_CONVERSION = YES;
				CLANG_WARN_OBJC_IMPLICIT_RETAIN_SELF = YES;
				CLANG_WARN_OBJC_LITERAL_CONVERSION = YES;
				CLANG_WARN_OBJC_ROOT_CLASS = YES_ERROR;
				CLANG_WARN_QUOTED_INCLUDE_IN_FRAMEWORK_HEADER = YES;
				CLANG_WARN_RANGE_LOOP_ANALYSIS = YES;
				CLANG_WARN_STRICT_PROTOTYPES = YES;
				CLANG_WARN_SUSPICIOUS_MOVE = YES;
				CLANG_WARN_UNGUARDED_AVAILABILITY = YES_AGGRESSIVE;
				CLANG_WARN_UNREACHABLE_CODE = YES;
				CLANG_WARN__DUPLICATE_METHOD_MATCH = YES;
				COPY_PHASE_STRIP = NO;
				DEBUG_INFORMATION_FORMAT = dwarf;
				ENABLE_STRICT_OBJC_MSGSEND = YES;
				ENABLE_TESTABILITY = YES;
				GCC_C_LANGUAGE_STANDARD = gnu11;
				GCC_DYNAMIC_NO_PIC = NO;
				GCC_NO_COMMON_BLOCKS = YES;
				GCC_OPTIMIZATION_LEVEL = 0;
				GCC_PREPROCESSOR_DEFINITIONS = (
					"DEBUG=1",
					"$(inherited)",
				);
				GCC_WARN_64_TO_32_BIT_CONVERSION = YES;
				GCC_WARN_ABOUT_RETURN_TYPE = YES_ERROR;
				GCC_WARN_UNDECLARED_SELECTOR = YES;
				GCC_WARN_UNINITIALIZED_AUTOS = YES_AGGRESSIVE;
				GCC_WARN_UNUSED_FUNCTION = YES;
				GCC_WARN_UNUSED_VARIABLE = YES;
				IPHONEOS_DEPLOYMENT_TARGET = 16.2;
				MTL_ENABLE_DEBUG_INFO = INCLUDE_SOURCE;
				MTL_FAST_MATH = YES;
				ONLY_ACTIVE_ARCH = YES;
				SDKROOT = iphoneos;
				SWIFT_ACTIVE_COMPILATION_CONDITIONS = DEBUG;
				SWIFT_OPTIMIZATION_LEVEL = "-Onone";
			};
			name = Debug;
		};
		29B8922429C29F9C006AF6A5 /* Release */ = {
			isa = XCBuildConfiguration;
			buildSettings = {
				ALWAYS_SEARCH_USER_PATHS = NO;
				CLANG_ANALYZER_NONNULL = YES;
				CLANG_ANALYZER_NUMBER_OBJECT_CONVERSION = YES_AGGRESSIVE;
				CLANG_CXX_LANGUAGE_STANDARD = "gnu++20";
				CLANG_ENABLE_MODULES = YES;
				CLANG_ENABLE_OBJC_ARC = YES;
				CLANG_ENABLE_OBJC_WEAK = YES;
				CLANG_WARN_BLOCK_CAPTURE_AUTORELEASING = YES;
				CLANG_WARN_BOOL_CONVERSION = YES;
				CLANG_WARN_COMMA = YES;
				CLANG_WARN_CONSTANT_CONVERSION = YES;
				CLANG_WARN_DEPRECATED_OBJC_IMPLEMENTATIONS = YES;
				CLANG_WARN_DIRECT_OBJC_ISA_USAGE = YES_ERROR;
				CLANG_WARN_DOCUMENTATION_COMMENTS = YES;
				CLANG_WARN_EMPTY_BODY = YES;
				CLANG_WARN_ENUM_CONVERSION = YES;
				CLANG_WARN_INFINITE_RECURSION = YES;
				CLANG_WARN_INT_CONVERSION = YES;
				CLANG_WARN_NON_LITERAL_NULL_CONVERSION = YES;
				CLANG_WARN_OBJC_IMPLICIT_RETAIN_SELF = YES;
				CLANG_WARN_OBJC_LITERAL_CONVERSION = YES;
				CLANG_WARN_OBJC_ROOT_CLASS = YES_ERROR;
				CLANG_WARN_QUOTED_INCLUDE_IN_FRAMEWORK_HEADER = YES;
				CLANG_WARN_RANGE_LOOP_ANALYSIS = YES;
				CLANG_WARN_STRICT_PROTOTYPES = YES;
				CLANG_WARN_SUSPICIOUS_MOVE = YES;
				CLANG_WARN_UNGUARDED_AVAILABILITY = YES_AGGRESSIVE;
				CLANG_WARN_UNREACHABLE_CODE = YES;
				CLANG_WARN__DUPLICATE_METHOD_MATCH = YES;
				COPY_PHASE_STRIP = NO;
				DEBUG_INFORMATION_FORMAT = "dwarf-with-dsym";
				ENABLE_NS_ASSERTIONS = NO;
				ENABLE_STRICT_OBJC_MSGSEND = YES;
				GCC_C_LANGUAGE_STANDARD = gnu11;
				GCC_NO_COMMON_BLOCKS = YES;
				GCC_WARN_64_TO_32_BIT_CONVERSION = YES;
				GCC_WARN_ABOUT_RETURN_TYPE = YES_ERROR;
				GCC_WARN_UNDECLARED_SELECTOR = YES;
				GCC_WARN_UNINITIALIZED_AUTOS = YES_AGGRESSIVE;
				GCC_WARN_UNUSED_FUNCTION = YES;
				GCC_WARN_UNUSED_VARIABLE = YES;
				IPHONEOS_DEPLOYMENT_TARGET = 16.2;
				MTL_ENABLE_DEBUG_INFO = NO;
				MTL_FAST_MATH = YES;
				SDKROOT = iphoneos;
				SWIFT_COMPILATION_MODE = wholemodule;
				SWIFT_OPTIMIZATION_LEVEL = "-O";
				VALIDATE_PRODUCT = YES;
			};
			name = Release;
		};
		29B8922629C29F9C006AF6A5 /* Debug */ = {
			isa = XCBuildConfiguration;
			buildSettings = {
				ASSETCATALOG_COMPILER_APPICON_NAME = AppIcon;
				ASSETCATALOG_COMPILER_GLOBAL_ACCENT_COLOR_NAME = AccentColor;
				CODE_SIGN_STYLE = Automatic;
				CURRENT_PROJECT_VERSION = 1;
				DEVELOPMENT_ASSET_PATHS = "\"WeatherTask/Preview Content\"";
				ENABLE_PREVIEWS = YES;
				GENERATE_INFOPLIST_FILE = YES;
				INFOPLIST_FILE = WeatherTask/Info.plist;
				INFOPLIST_KEY_NSLocationAlwaysUsageDescription = "This app needs your location to show nearby services";
				INFOPLIST_KEY_NSLocationWhenInUseUsageDescription = "This app needs your location to show nearby services";
				INFOPLIST_KEY_UIApplicationSupportsIndirectInputEvents = YES;
				INFOPLIST_KEY_UILaunchScreen_Generation = YES;
				INFOPLIST_KEY_UISupportedInterfaceOrientations_iPad = "UIInterfaceOrientationPortrait UIInterfaceOrientationPortraitUpsideDown UIInterfaceOrientationLandscapeLeft UIInterfaceOrientationLandscapeRight";
				INFOPLIST_KEY_UISupportedInterfaceOrientations_iPhone = "UIInterfaceOrientationPortrait UIInterfaceOrientationLandscapeLeft UIInterfaceOrientationLandscapeRight";
				IPHONEOS_DEPLOYMENT_TARGET = 14.0;
				LD_RUNPATH_SEARCH_PATHS = (
					"$(inherited)",
					"@executable_path/Frameworks",
				);
				MARKETING_VERSION = 1.0;
				PRODUCT_BUNDLE_IDENTIFIER = weather.task.com.WeatherTask;
				PRODUCT_NAME = "$(TARGET_NAME)";
				SWIFT_EMIT_LOC_STRINGS = YES;
				SWIFT_VERSION = 5.0;
				TARGETED_DEVICE_FAMILY = "1,2";
			};
			name = Debug;
		};
		29B8922729C29F9C006AF6A5 /* Release */ = {
			isa = XCBuildConfiguration;
			buildSettings = {
				ASSETCATALOG_COMPILER_APPICON_NAME = AppIcon;
				ASSETCATALOG_COMPILER_GLOBAL_ACCENT_COLOR_NAME = AccentColor;
				CODE_SIGN_STYLE = Automatic;
				CURRENT_PROJECT_VERSION = 1;
				DEVELOPMENT_ASSET_PATHS = "\"WeatherTask/Preview Content\"";
				ENABLE_PREVIEWS = YES;
				GENERATE_INFOPLIST_FILE = YES;
				INFOPLIST_FILE = WeatherTask/Info.plist;
				INFOPLIST_KEY_NSLocationAlwaysUsageDescription = "This app needs your location to show nearby services";
				INFOPLIST_KEY_NSLocationWhenInUseUsageDescription = "This app needs your location to show nearby services";
				INFOPLIST_KEY_UIApplicationSupportsIndirectInputEvents = YES;
				INFOPLIST_KEY_UILaunchScreen_Generation = YES;
				INFOPLIST_KEY_UISupportedInterfaceOrientations_iPad = "UIInterfaceOrientationPortrait UIInterfaceOrientationPortraitUpsideDown UIInterfaceOrientationLandscapeLeft UIInterfaceOrientationLandscapeRight";
				INFOPLIST_KEY_UISupportedInterfaceOrientations_iPhone = "UIInterfaceOrientationPortrait UIInterfaceOrientationLandscapeLeft UIInterfaceOrientationLandscapeRight";
				IPHONEOS_DEPLOYMENT_TARGET = 14.0;
				LD_RUNPATH_SEARCH_PATHS = (
					"$(inherited)",
					"@executable_path/Frameworks",
				);
				MARKETING_VERSION = 1.0;
				PRODUCT_BUNDLE_IDENTIFIER = weather.task.com.WeatherTask;
				PRODUCT_NAME = "$(TARGET_NAME)";
				SWIFT_EMIT_LOC_STRINGS = YES;
				SWIFT_VERSION = 5.0;
				TARGETED_DEVICE_FAMILY = "1,2";
			};
			name = Release;
		};
		29B8922929C29F9C006AF6A5 /* Debug */ = {
			isa = XCBuildConfiguration;
			buildSettings = {
				ALWAYS_EMBED_SWIFT_STANDARD_LIBRARIES = YES;
				BUNDLE_LOADER = "$(TEST_HOST)";
				CODE_SIGN_STYLE = Automatic;
				CURRENT_PROJECT_VERSION = 1;
				GENERATE_INFOPLIST_FILE = YES;
				IPHONEOS_DEPLOYMENT_TARGET = 16.2;
				MARKETING_VERSION = 1.0;
				PRODUCT_BUNDLE_IDENTIFIER = weather.task.com.WeatherTaskTests;
				PRODUCT_NAME = "$(TARGET_NAME)";
				SWIFT_EMIT_LOC_STRINGS = NO;
				SWIFT_VERSION = 5.0;
				TARGETED_DEVICE_FAMILY = "1,2";
				TEST_HOST = "$(BUILT_PRODUCTS_DIR)/WeatherTask.app/$(BUNDLE_EXECUTABLE_FOLDER_PATH)/WeatherTask";
			};
			name = Debug;
		};
		29B8922A29C29F9C006AF6A5 /* Release */ = {
			isa = XCBuildConfiguration;
			buildSettings = {
				ALWAYS_EMBED_SWIFT_STANDARD_LIBRARIES = YES;
				BUNDLE_LOADER = "$(TEST_HOST)";
				CODE_SIGN_STYLE = Automatic;
				CURRENT_PROJECT_VERSION = 1;
				GENERATE_INFOPLIST_FILE = YES;
				IPHONEOS_DEPLOYMENT_TARGET = 16.2;
				MARKETING_VERSION = 1.0;
				PRODUCT_BUNDLE_IDENTIFIER = weather.task.com.WeatherTaskTests;
				PRODUCT_NAME = "$(TARGET_NAME)";
				SWIFT_EMIT_LOC_STRINGS = NO;
				SWIFT_VERSION = 5.0;
				TARGETED_DEVICE_FAMILY = "1,2";
				TEST_HOST = "$(BUILT_PRODUCTS_DIR)/WeatherTask.app/$(BUNDLE_EXECUTABLE_FOLDER_PATH)/WeatherTask";
			};
			name = Release;
		};
		29B8922C29C29F9C006AF6A5 /* Debug */ = {
			isa = XCBuildConfiguration;
			buildSettings = {
				ALWAYS_EMBED_SWIFT_STANDARD_LIBRARIES = YES;
				CODE_SIGN_STYLE = Automatic;
				CURRENT_PROJECT_VERSION = 1;
				GENERATE_INFOPLIST_FILE = YES;
				MARKETING_VERSION = 1.0;
				PRODUCT_BUNDLE_IDENTIFIER = weather.task.com.WeatherTaskUITests;
				PRODUCT_NAME = "$(TARGET_NAME)";
				SWIFT_EMIT_LOC_STRINGS = NO;
				SWIFT_VERSION = 5.0;
				TARGETED_DEVICE_FAMILY = "1,2";
				TEST_TARGET_NAME = WeatherTask;
			};
			name = Debug;
		};
		29B8922D29C29F9C006AF6A5 /* Release */ = {
			isa = XCBuildConfiguration;
			buildSettings = {
				ALWAYS_EMBED_SWIFT_STANDARD_LIBRARIES = YES;
				CODE_SIGN_STYLE = Automatic;
				CURRENT_PROJECT_VERSION = 1;
				GENERATE_INFOPLIST_FILE = YES;
				MARKETING_VERSION = 1.0;
				PRODUCT_BUNDLE_IDENTIFIER = weather.task.com.WeatherTaskUITests;
				PRODUCT_NAME = "$(TARGET_NAME)";
				SWIFT_EMIT_LOC_STRINGS = NO;
				SWIFT_VERSION = 5.0;
				TARGETED_DEVICE_FAMILY = "1,2";
				TEST_TARGET_NAME = WeatherTask;
			};
			name = Release;
		};
/* End XCBuildConfiguration section */

/* Begin XCConfigurationList section */
		29B891FC29C29F99006AF6A5 /* Build configuration list for PBXProject "WeatherTask" */ = {
			isa = XCConfigurationList;
			buildConfigurations = (
				29B8922329C29F9C006AF6A5 /* Debug */,
				29B8922429C29F9C006AF6A5 /* Release */,
			);
			defaultConfigurationIsVisible = 0;
			defaultConfigurationName = Release;
		};
		29B8922529C29F9C006AF6A5 /* Build configuration list for PBXNativeTarget "WeatherTask" */ = {
			isa = XCConfigurationList;
			buildConfigurations = (
				29B8922629C29F9C006AF6A5 /* Debug */,
				29B8922729C29F9C006AF6A5 /* Release */,
			);
			defaultConfigurationIsVisible = 0;
			defaultConfigurationName = Release;
		};
		29B8922829C29F9C006AF6A5 /* Build configuration list for PBXNativeTarget "WeatherTaskTests" */ = {
			isa = XCConfigurationList;
			buildConfigurations = (
				29B8922929C29F9C006AF6A5 /* Debug */,
				29B8922A29C29F9C006AF6A5 /* Release */,
			);
			defaultConfigurationIsVisible = 0;
			defaultConfigurationName = Release;
		};
		29B8922B29C29F9C006AF6A5 /* Build configuration list for PBXNativeTarget "WeatherTaskUITests" */ = {
			isa = XCConfigurationList;
			buildConfigurations = (
				29B8922C29C29F9C006AF6A5 /* Debug */,
				29B8922D29C29F9C006AF6A5 /* Release */,
			);
			defaultConfigurationIsVisible = 0;
			defaultConfigurationName = Release;
		};
/* End XCConfigurationList section */
	};
	rootObject = 29B891F929C29F99006AF6A5 /* Project object */;
}
